
Microsoft Visual Studio Solution File, Format Version 12.00
Project("{FAE04EC0-301F-11D3-BF4B-00C04F79EFBC}") = "Shortcuts-Helper-Server", "Shortcuts-Helper-Server.csproj", "{690124AF-DC41-441C-ABDA-A61FA93A98F0}"
EndProject
Global
	GlobalSection(SolutionConfigurationPlatforms) = preSolution
		Debug|Any CPU = Debug|Any CPU
		Release|Any CPU = Release|Any CPU
	EndGlobalSection
	GlobalSection(ProjectConfigurationPlatforms) = postSolution
		{690124AF-DC41-441C-ABDA-A61FA93A98F0}.Debug|Any CPU.ActiveCfg = Debug|Any CPU
		{690124AF-DC41-441C-ABDA-A61FA93A98F0}.Debug|Any CPU.Build.0 = Debug|Any CPU
		{690124AF-DC41-441C-ABDA-A61FA93A98F0}.Release|Any CPU.ActiveCfg = Release|Any CPU
		{690124AF-DC41-441C-ABDA-A61FA93A98F0}.Release|Any CPU.Build.0 = Release|Any CPU
	EndGlobalSection
EndGlobal
